
Microsoft Visual Studio Solution File, Format Version 12.00
# Visual Studio Version 17
VisualStudioVersion = 17.4.33213.308
MinimumVisualStudioVersion = 10.0.40219.1
Project("{FAE04EC0-301F-11D3-BF4B-00C04F79EFBC}") = "Busqueda no informada v2", "Busqueda no informada v2\Busqueda no informada v2.csproj", "{14D25209-DF16-44EE-87C4-57067BD34B3B}"
EndProject
Global
	GlobalSection(SolutionConfigurationPlatforms) = preSolution
		Debug|Any CPU = Debug|Any CPU
		Release|Any CPU = Release|Any CPU
	EndGlobalSection
	GlobalSection(ProjectConfigurationPlatforms) = postSolution
		{14D25209-DF16-44EE-87C4-57067BD34B3B}.Debug|Any CPU.ActiveCfg = Debug|Any CPU
		{14D25209-DF16-44EE-87C4-57067BD34B3B}.Debug|Any CPU.Build.0 = Debug|Any CPU
		{14D25209-DF16-44EE-87C4-57067BD34B3B}.Release|Any CPU.ActiveCfg = Release|Any CPU
		{14D25209-DF16-44EE-87C4-57067BD34B3B}.Release|Any CPU.Build.0 = Release|Any CPU
	EndGlobalSection
	GlobalSection(SolutionProperties) = preSolution
		HideSolutionNode = FALSE
	EndGlobalSection
	GlobalSection(ExtensibilityGlobals) = postSolution
		SolutionGuid = {8AABBB39-AFC9-42E4-8BC3-C731DC7309E9}
	EndGlobalSection
EndGlobal
